
Microsoft Visual Studio Solution File, Format Version 12.00
# Visual Studio Version 17
VisualStudioVersion = 17.6.33829.357
MinimumVisualStudioVersion = 10.0.40219.1
Project("{FAE04EC0-301F-11D3-BF4B-00C04F79EFBC}") = "SKAI_KSBOM_UI_protocol", "SKAI_KSBOM_UI_protocol\SKAI_KSBOM_UI_protocol.csproj", "{741FD4B0-D16F-4B58-9D9D-3B87F9582569}"
EndProject
Project("{9A19103F-16F7-4668-BE54-9A1E7A4F7556}") = "Common", "Common\Common.csproj", "{955B77B9-31B8-4906-9D43-A94E62E69483}"
EndProject
Project("{9A19103F-16F7-4668-BE54-9A1E7A4F7556}") = "Common.UI", "Common.UI\Common.UI.csproj", "{19ECB217-154F-4319-8171-8E78FB16DA86}"
EndProject
Global
	GlobalSection(SolutionConfigurationPlatforms) = preSolution
		Debug|Any CPU = Debug|Any CPU
		Release|Any CPU = Release|Any CPU
	EndGlobalSection
	GlobalSection(ProjectConfigurationPlatforms) = postSolution
		{741FD4B0-D16F-4B58-9D9D-3B87F9582569}.Debug|Any CPU.ActiveCfg = Debug|Any CPU
		{741FD4B0-D16F-4B58-9D9D-3B87F9582569}.Debug|Any CPU.Build.0 = Debug|Any CPU
		{741FD4B0-D16F-4B58-9D9D-3B87F9582569}.Release|Any CPU.ActiveCfg = Release|Any CPU
		{741FD4B0-D16F-4B58-9D9D-3B87F9582569}.Release|Any CPU.Build.0 = Release|Any CPU
		{955B77B9-31B8-4906-9D43-A94E62E69483}.Debug|Any CPU.ActiveCfg = Debug|Any CPU
		{955B77B9-31B8-4906-9D43-A94E62E69483}.Debug|Any CPU.Build.0 = Debug|Any CPU
		{955B77B9-31B8-4906-9D43-A94E62E69483}.Release|Any CPU.ActiveCfg = Release|Any CPU
		{955B77B9-31B8-4906-9D43-A94E62E69483}.Release|Any CPU.Build.0 = Release|Any CPU
		{19ECB217-154F-4319-8171-8E78FB16DA86}.Debug|Any CPU.ActiveCfg = Debug|Any CPU
		{19ECB217-154F-4319-8171-8E78FB16DA86}.Debug|Any CPU.Build.0 = Debug|Any CPU
		{19ECB217-154F-4319-8171-8E78FB16DA86}.Release|Any CPU.ActiveCfg = Release|Any CPU
		{19ECB217-154F-4319-8171-8E78FB16DA86}.Release|Any CPU.Build.0 = Release|Any CPU
	EndGlobalSection
	GlobalSection(SolutionProperties) = preSolution
		HideSolutionNode = FALSE
	EndGlobalSection
	GlobalSection(ExtensibilityGlobals) = postSolution
		SolutionGuid = {A8F17017-ADAD-45B2-965E-649006F5886D}
	EndGlobalSection
EndGlobal
